# This file is automatically @generated by Wally.
# It is not intended for manual editing.
registry = "test"

[[package]]
name = "alreadypro/profileservice"
version = "1.0.4"
dependencies = []

[[package]]
name = "intradient/starweave"
version = "0.1.0"
dependencies = [["ProfileService", "alreadypro/profileservice@1.0.4"]]
